// !$*UTF8*$!
{
	archiveVersion = 1;
	classes = {
	};
	objectVersion = 77;
	objects = {

/* Begin PBXBuildFile section */
		FC5C78542FFAF4F300DA5776 /* AppIcon.icon in Resources */ = {isa = PBXBuildFile; fileRef = FC5C78532FFAF4F300DA5776 /* AppIcon.icon */; };
/* End PBXBuildFile section */

/* Begin PBXContainerItemProxy section */
		FC551FD12FF9688300EE5BDF /* PBXContainerItemProxy */ = {
			isa = PBXContainerItemProxy;
			containerPortal = FC551FBB2FF9688200EE5BDF /* Project object */;
			proxyType = 1;
			remoteGlobalIDString = FC551FC22FF9688200EE5BDF;
			remoteInfo = LabelBot;
		};
		FC551FDB2FF9688300EE5BDF /* PBXContainerItemProxy */ = {
			isa = PBXContainerItemProxy;
			containerPortal = FC551FBB2FF9688200EE5BDF /* Project object */;
			proxyType = 1;
			remoteGlobalIDString = FC551FC22FF9688200EE5BDF;
			remoteInfo = LabelBot;
		};
/* End PBXContainerItemProxy section */

/* Begin PBXFileReference section */
		FC551FC32FF9688200EE5BDF /* LabelBot.app */ = {isa = PBXFileReference; explicitFileType = wrapper.application; includeInIndex = 0; path = LabelBot.app; sourceTree = BUILT_PRODUCTS_DIR; };
		FC551FD02FF9688300EE5BDF /* LabelBotTests.xctest */ = {isa = PBXFileReference; explicitFileType = wrapper.cfbundle; includeInIndex = 0; path = LabelBotTests.xctest; sourceTree = BUILT_PRODUCTS_DIR; };
		FC551FDA2FF9688300EE5BDF /* LabelBotUITests.xctest */ = {isa = PBXFileReference; explicitFileType = wrapper.cfbundle; includeInIndex = 0; path = LabelBotUITests.xctest; sourceTree = BUILT_PRODUCTS_DIR; };
		FC5C78532FFAF4F300DA5776 /* AppIcon.icon */ = {isa = PBXFileReference; lastKnownFileType = folder.iconcomposer.icon; path = AppIcon.icon; sourceTree = "<group>"; };
/* End PBXFileReference section */

/* Begin PBXFileSystemSynchronizedRootGroup section */
		FC551FC52FF9688200EE5BDF /* LabelBot */ = {
			isa = PBXFileSystemSynchronizedRootGroup;
			path = LabelBot;
			sourceTree = "<group>";
		};
		FC551FD32FF9688300EE5BDF /* LabelBotTests */ = {
			isa = PBXFileSystemSynchronizedRootGroup;
			path = LabelBotTests;
			sourceTree = "<group>";
		};
		FC551FDD2FF9688300EE5BDF /* LabelBotUITests */ = {
			isa = PBXFileSystemSynchronizedRootGroup;
			path = LabelBotUITests;
			sourceTree = "<group>";
		};
/* End PBXFileSystemSynchronizedRootGroup section */

/* Begin PBXFrameworksBuildPhase section */
		FC551FC02FF9688200EE5BDF /* Frameworks */ = {
			isa = PBXFrameworksBuildPhase;
			buildActionMask = 2147483647;
			files = (
			);
			runOnlyForDeploymentPostprocessing = 0;
		};
		FC551FCD2FF9688300EE5BDF /* Frameworks */ = {
			isa = PBXFrameworksBuildPhase;
			buildActionMask = 2147483647;
			files = (
			);
			runOnlyForDeploymentPostprocessing = 0;
		};
		FC551FD72FF9688300EE5BDF /* Frameworks */ = {
			isa = PBXFrameworksBuildPhase;
			buildActionMask = 2147483647;
			files = (
			);
			runOnlyForDeploymentPostprocessing = 0;
		};
/* End PBXFrameworksBuildPhase section */

/* Begin PBXGroup section */
		FC551FBA2FF9688200EE5BDF = {
			isa = PBXGroup;
			children = (
				FC5C78532FFAF4F300DA5776 /* AppIcon.icon */,
				FC551FC52FF9688200EE5BDF /* LabelBot */,
				FC551FD32FF9688300EE5BDF /* LabelBotTests */,
				FC551FDD2FF9688300EE5BDF /* LabelBotUITests */,
				FC551FC42FF9688200EE5BDF /* Products */,
			);
			sourceTree = "<group>";
		};
		FC551FC42FF9688200EE5BDF /* Products */ = {
			isa = PBXGroup;
			children = (
				FC551FC32FF9688200EE5BDF /* LabelBot.app */,
				FC551FD02FF9688300EE5BDF /* LabelBotTests.xctest */,
				FC551FDA2FF9688300EE5BDF /* LabelBotUITests.xctest */,
			);
			name = Products;
			sourceTree = "<group>";
		};
/* End PBXGroup section */

/* Begin PBXNativeTarget section */
		FC551FC22FF9688200EE5BDF /* LabelBot */ = {
			isa = PBXNativeTarget;
			buildConfigurationList = FC551FE42FF9688300EE5BDF /* Build configuration list for PBXNativeTarget "LabelBot" */;
			buildPhases = (
				FC551FBF2FF9688200EE5BDF /* Sources */,
				FC551FC02FF9688200EE5BDF /* Frameworks */,
				FC551FC12FF9688200EE5BDF /* Resources */,
			);
			buildRules = (
			);
			dependencies = (
			);
			fileSystemSynchronizedGroups = (
				FC551FC52FF9688200EE5BDF /* LabelBot */,
			);
			name = LabelBot;
			packageProductDependencies = (
			);
			productName = LabelBot;
			productReference = FC551FC32FF9688200EE5BDF /* LabelBot.app */;
			productType = "com.apple.product-type.application";
		};
		FC551FCF2FF9688300EE5BDF /* LabelBotTests */ = {
			isa = PBXNativeTarget;
			buildConfigurationList = FC551FE72FF9688300EE5BDF /* Build configuration list for PBXNativeTarget "LabelBotTests" */;
			buildPhases = (
				FC551FCC2FF9688300EE5BDF /* Sources */,
				FC551FCD2FF9688300EE5BDF /* Frameworks */,
				FC551FCE2FF9688300EE5BDF /* Resources */,
			);
			buildRules = (
			);
			dependencies = (
				FC551FD22FF9688300EE5BDF /* PBXTargetDependency */,
			);
			fileSystemSynchronizedGroups = (
				FC551FD32FF9688300EE5BDF /* LabelBotTests */,
			);
			name = LabelBotTests;
			packageProductDependencies = (
			);
			productName = LabelBotTests;
			productReference = FC551FD02FF9688300EE5BDF /* LabelBotTests.xctest */;
			productType = "com.apple.product-type.bundle.unit-test";
		};
		FC551FD92FF9688300EE5BDF /* LabelBotUITests */ = {
			isa = PBXNativeTarget;
			buildConfigurationList = FC551FEA2FF9688300EE5BDF /* Build configuration list for PBXNativeTarget "LabelBotUITests" */;
			buildPhases = (
				FC551FD62FF9688300EE5BDF /* Sources */,
				FC551FD72FF9688300EE5BDF /* Frameworks */,
				FC551FD82FF9688300EE5BDF /* Resources */,
			);
			buildRules = (
			);
			dependencies = (
				FC551FDC2FF9688300EE5BDF /* PBXTargetDependency */,
			);
			fileSystemSynchronizedGroups = (
				FC551FDD2FF9688300EE5BDF /* LabelBotUITests */,
			);
			name = LabelBotUITests;
			packageProductDependencies = (
			);
			productName = LabelBotUITests;
			productReference = FC551FDA2FF9688300EE5BDF /* LabelBotUITests.xctest */;
			productType = "com.apple.product-type.bundle.ui-testing";
		};
/* End PBXNativeTarget section */

/* Begin PBXProject section */
		FC551FBB2FF9688200EE5BDF /* Project object */ = {
			isa = PBXProject;
			attributes = {
				BuildIndependentTargetsInParallel = 1;
				LastSwiftUpdateCheck = 2660;
				LastUpgradeCheck = 2660;
				TargetAttributes = {
					FC551FC22FF9688200EE5BDF = {
						CreatedOnToolsVersion = 26.6;
					};
					FC551FCF2FF9688300EE5BDF = {
						CreatedOnToolsVersion = 26.6;
						TestTargetID = FC551FC22FF9688200EE5BDF;
					};
					FC551FD92FF9688300EE5BDF = {
						CreatedOnToolsVersion = 26.6;
						TestTargetID = FC551FC22FF9688200EE5BDF;
					};
				};
			};
			buildConfigurationList = FC551FBE2FF9688200EE5BDF /* Build configuration list for PBXProject "LabelBot" */;
			developmentRegion = en;
			hasScannedForEncodings = 0;
			knownRegions = (
				en,
				Base,
			);
			mainGroup = FC551FBA2FF9688200EE5BDF;
			minimizedProjectReferenceProxies = 1;
			preferredProjectObjectVersion = 77;
			productRefGroup = FC551FC42FF9688200EE5BDF /* Products */;
			projectDirPath = "";
			projectRoot = "";
			targets = (
				FC551FC22FF9688200EE5BDF /* LabelBot */,
				FC551FCF2FF9688300EE5BDF /* LabelBotTests */,
				FC551FD92FF9688300EE5BDF /* LabelBotUITests */,
			);
		};
/* End PBXProject section */

/* Begin PBXResourcesBuildPhase section */
		FC551FC12FF9688200EE5BDF /* Resources */ = {
			isa = PBXResourcesBuildPhase;
			buildActionMask = 2147483647;
			files = (
				FC5C78542FFAF4F300DA5776 /* AppIcon.icon in Resources */,
			);
			runOnlyForDeploymentPostprocessing = 0;
		};
		FC551FCE2FF9688300EE5BDF /* Resources */ = {
			isa = PBXResourcesBuildPhase;
			buildActionMask = 2147483647;
			files = (
			);
			runOnlyForDeploymentPostprocessing = 0;
		};
		FC551FD82FF9688300EE5BDF /* Resources */ = {
			isa = PBXResourcesBuildPhase;
			buildActionMask = 2147483647;
			files = (
			);
			runOnlyForDeploymentPostprocessing = 0;
		};
/* End PBXResourcesBuildPhase section */

/* Begin PBXSourcesBuildPhase section */
		FC551FBF2FF9688200EE5BDF /* Sources */ = {
			isa = PBXSourcesBuildPhase;
			buildActionMask = 2147483647;
			files = (
			);
			runOnlyForDeploymentPostprocessing = 0;
		};
		FC551FCC2FF9688300EE5BDF /* Sources */ = {
			isa = PBXSourcesBuildPhase;
			buildActionMask = 2147483647;
			files = (
			);
			runOnlyForDeploymentPostprocessing = 0;
		};
		FC551FD62FF9688300EE5BDF /* Sources */ = {
			isa = PBXSourcesBuildPhase;
			buildActionMask = 2147483647;
			files = (
			);
			runOnlyForDeploymentPostprocessing = 0;
		};
/* End PBXSourcesBuildPhase section */

/* Begin PBXTargetDependency section */
		FC551FD22FF9688300EE5BDF /* PBXTargetDependency */ = {
			isa = PBXTargetDependency;
			target = FC551FC22FF9688200EE5BDF /* LabelBot */;
			targetProxy = FC551FD12FF9688300EE5BDF /* PBXContainerItemProxy */;
		};
		FC551FDC2FF9688300EE5BDF /* PBXTargetDependency */ = {
			isa = PBXTargetDependency;
			target = FC551FC22FF9688200EE5BDF /* LabelBot */;
			targetProxy = FC551FDB2FF9688300EE5BDF /* PBXContainerItemProxy */;
		};
/* End PBXTargetDependency section */

/* Begin XCBuildConfiguration section */
		FC551FE22FF9688300EE5BDF /* Debug */ = {
			isa = XCBuildConfiguration;
			buildSettings = {
				ALWAYS_SEARCH_USER_PATHS = NO;
				ASSETCATALOG_COMPILER_GENERATE_SWIFT_ASSET_SYMBOL_EXTENSIONS = YES;
				CLANG_ANALYZER_NONNULL = YES;
				CLANG_ANALYZER_NUMBER_OBJECT_CONVERSION = YES_AGGRESSIVE;
				CLANG_CXX_LANGUAGE_STANDARD = "gnu++20";
				CLANG_ENABLE_MODULES = YES;
				CLANG_ENABLE_OBJC_ARC = YES;
				CLANG_ENABLE_OBJC_WEAK = YES;
				CLANG_WARN_BLOCK_CAPTURE_AUTORELEASING = YES;
				CLANG_WARN_BOOL_CONVERSION = YES;
				CLANG_WARN_COMMA = YES;
				CLANG_WARN_CONSTANT_CONVERSION = YES;
				CLANG_WARN_DEPRECATED_OBJC_IMPLEMENTATIONS = YES;
				CLANG_WARN_DIRECT_OBJC_ISA_USAGE = YES_ERROR;
				CLANG_WARN_DOCUMENTATION_COMMENTS = YES;
				CLANG_WARN_EMPTY_BODY = YES;
				CLANG_WARN_ENUM_CONVERSION = YES;
				CLANG_WARN_INFINITE_RECURSION = YES;
				CLANG_WARN_INT_CONVERSION = YES;
				CLANG_WARN_NON_LITERAL_NULL_CONVERSION = YES;
				CLANG_WARN_OBJC_IMPLICIT_RETAIN_SELF = YES;
				CLANG_WARN_OBJC_LITERAL_CONVERSION = YES;
				CLANG_WARN_OBJC_ROOT_CLASS = YES_ERROR;
				CLANG_WARN_QUOTED_INCLUDE_IN_FRAMEWORK_HEADER = YES;
				CLANG_WARN_RANGE_LOOP_ANALYSIS = YES;
				CLANG_WARN_STRICT_PROTOTYPES = YES;
				CLANG_WARN_SUSPICIOUS_MOVE = YES;
				CLANG_WARN_UNGUARDED_AVAILABILITY = YES_AGGRESSIVE;
				CLANG_WARN_UNREACHABLE_CODE = YES;
				CLANG_WARN__DUPLICATE_METHOD_MATCH = YES;
				COPY_PHASE_STRIP = NO;
				DEBUG_INFORMATION_FORMAT = dwarf;
				DEVELOPMENT_TEAM = P558Q39A4B;
				ENABLE_STRICT_OBJC_MSGSEND = YES;
				ENABLE_TESTABILITY = YES;
				ENABLE_USER_SCRIPT_SANDBOXING = YES;
				GCC_C_LANGUAGE_STANDARD = gnu17;
				GCC_DYNAMIC_NO_PIC = NO;
				GCC_NO_COMMON_BLOCKS = YES;
				GCC_OPTIMIZATION_LEVEL = 0;
				GCC_PREPROCESSOR_DEFINITIONS = (
					"DEBUG=1",
					"$(inherited)",
				);
				GCC_WARN_64_TO_32_BIT_CONVERSION = YES;
				GCC_WARN_ABOUT_RETURN_TYPE = YES_ERROR;
				GCC_WARN_UNDECLARED_SELECTOR = YES;
				GCC_WARN_UNINITIALIZED_AUTOS = YES_AGGRESSIVE;
				GCC_WARN_UNUSED_FUNCTION = YES;
				GCC_WARN_UNUSED_VARIABLE = YES;
				LOCALIZATION_PREFERS_STRING_CATALOGS = YES;
				MACOSX_DEPLOYMENT_TARGET = 26.5;
				MTL_ENABLE_DEBUG_INFO = INCLUDE_SOURCE;
				MTL_FAST_MATH = YES;
				ONLY_ACTIVE_ARCH = YES;
				SDKROOT = macosx;
				SWIFT_ACTIVE_COMPILATION_CONDITIONS = "DEBUG $(inherited)";
				SWIFT_OPTIMIZATION_LEVEL = "-Onone";
			};
			name = Debug;
		};
		FC551FE32FF9688300EE5BDF /* Release */ = {
			isa = XCBuildConfiguration;
			buildSettings = {
				ALWAYS_SEARCH_USER_PATHS = NO;
				ASSETCATALOG_COMPILER_GENERATE_SWIFT_ASSET_SYMBOL_EXTENSIONS = YES;
				CLANG_ANALYZER_NONNULL = YES;
				CLANG_ANALYZER_NUMBER_OBJECT_CONVERSION = YES_AGGRESSIVE;
				CLANG_CXX_LANGUAGE_STANDARD = "gnu++20";
				CLANG_ENABLE_MODULES = YES;
				CLANG_ENABLE_OBJC_ARC = YES;
				CLANG_ENABLE_OBJC_WEAK = YES;
				CLANG_WARN_BLOCK_CAPTURE_AUTORELEASING = YES;
				CLANG_WARN_BOOL_CONVERSION = YES;
				CLANG_WARN_COMMA = YES;
				CLANG_WARN_CONSTANT_CONVERSION = YES;
				CLANG_WARN_DEPRECATED_OBJC_IMPLEMENTATIONS = YES;
				CLANG_WARN_DIRECT_OBJC_ISA_USAGE = YES_ERROR;
				CLANG_WARN_DOCUMENTATION_COMMENTS = YES;
				CLANG_WARN_EMPTY_BODY = YES;
				CLANG_WARN_ENUM_CONVERSION = YES;
				CLANG_WARN_INFINITE_RECURSION = YES;
				CLANG_WARN_INT_CONVERSION = YES;
				CLANG_WARN_NON_LITERAL_NULL_CONVERSION = YES;
				CLANG_WARN_OBJC_IMPLICIT_RETAIN_SELF = YES;
				CLANG_WARN_OBJC_LITERAL_CONVERSION = YES;
				CLANG_WARN_OBJC_ROOT_CLASS = YES_ERROR;
				CLANG_WARN_QUOTED_INCLUDE_IN_FRAMEWORK_HEADER = YES;
				CLANG_WARN_RANGE_LOOP_ANALYSIS = YES;
				CLANG_WARN_STRICT_PROTOTYPES = YES;
				CLANG_WARN_SUSPICIOUS_MOVE = YES;
				CLANG_WARN_UNGUARDED_AVAILABILITY = YES_AGGRESSIVE;
				CLANG_WARN_UNREACHABLE_CODE = YES;
				CLANG_WARN__DUPLICATE_METHOD_MATCH = YES;
				COPY_PHASE_STRIP = NO;
				DEBUG_INFORMATION_FORMAT = "dwarf-with-dsym";
				DEVELOPMENT_TEAM = P558Q39A4B;
				ENABLE_NS_ASSERTIONS = NO;
				ENABLE_STRICT_OBJC_MSGSEND = YES;
				ENABLE_USER_SCRIPT_SANDBOXING = YES;
				GCC_C_LANGUAGE_STANDARD = gnu17;
				GCC_NO_COMMON_BLOCKS = YES;
				GCC_WARN_64_TO_32_BIT_CONVERSION = YES;
				GCC_WARN_ABOUT_RETURN_TYPE = YES_ERROR;
				GCC_WARN_UNDECLARED_SELECTOR = YES;
				GCC_WARN_UNINITIALIZED_AUTOS = YES_AGGRESSIVE;
				GCC_WARN_UNUSED_FUNCTION = YES;
				GCC_WARN_UNUSED_VARIABLE = YES;
				LOCALIZATION_PREFERS_STRING_CATALOGS = YES;
				MACOSX_DEPLOYMENT_TARGET = 26.5;
				MTL_ENABLE_DEBUG_INFO = NO;
				MTL_FAST_MATH = YES;
				SDKROOT = macosx;
				SWIFT_COMPILATION_MODE = wholemodule;
			};
			name = Release;
		};
		FC551FE52FF9688300EE5BDF /* Debug */ = {
			isa = XCBuildConfiguration;
			buildSettings = {
				ASSETCATALOG_COMPILER_APPICON_NAME = AppIcon;
				ASSETCATALOG_COMPILER_GLOBAL_ACCENT_COLOR_NAME = AccentColor;
				CODE_SIGN_ENTITLEMENTS = LabelBot/LabelBot.entitlements;
				"CODE_SIGN_IDENTITY[sdk=macosx*]" = "Apple Development";
				CODE_SIGN_STYLE = Automatic;
				COMBINE_HIDPI_IMAGES = YES;
				CURRENT_PROJECT_VERSION = 1;
				DEVELOPMENT_TEAM = P558Q39A4B;
				ENABLE_APP_SANDBOX = NO;
				ENABLE_HARDENED_RUNTIME = YES;
				ENABLE_PREVIEWS = YES;
				ENABLE_USER_SELECTED_FILES = readonly;
				GENERATE_INFOPLIST_FILE = YES;
				INFOPLIST_KEY_NSBluetoothAlwaysUsageDescription = "LabelBot connects to your Brother P-touch label printer over Bluetooth.";
				INFOPLIST_KEY_NSHumanReadableCopyright = "";
				LD_RUNPATH_SEARCH_PATHS = (
					"$(inherited)",
					"@executable_path/../Frameworks",
				);
				MARKETING_VERSION = 1.0;
				PRODUCT_BUNDLE_IDENTIFIER = com.jonmalm.LabelBot;
				PRODUCT_NAME = "$(TARGET_NAME)";
				REGISTER_APP_GROUPS = YES;
				STRING_CATALOG_GENERATE_SYMBOLS = YES;
				SWIFT_APPROACHABLE_CONCURRENCY = YES;
				SWIFT_DEFAULT_ACTOR_ISOLATION = MainActor;
				SWIFT_EMIT_LOC_STRINGS = YES;
				SWIFT_UPCOMING_FEATURE_MEMBER_IMPORT_VISIBILITY = YES;
				SWIFT_VERSION = 5.0;
			};
			name = Debug;
		};
		FC551FE62FF9688300EE5BDF /* Release */ = {
			isa = XCBuildConfiguration;
			buildSettings = {
				ASSETCATALOG_COMPILER_APPICON_NAME = AppIcon;
				ASSETCATALOG_COMPILER_GLOBAL_ACCENT_COLOR_NAME = AccentColor;
				CODE_SIGN_ENTITLEMENTS = LabelBot/LabelBot.entitlements;
				"CODE_SIGN_IDENTITY[sdk=macosx*]" = "Apple Development";
				CODE_SIGN_STYLE = Automatic;
				COMBINE_HIDPI_IMAGES = YES;
				CURRENT_PROJECT_VERSION = 1;
				DEVELOPMENT_TEAM = P558Q39A4B;
				ENABLE_APP_SANDBOX = NO;
				ENABLE_HARDENED_RUNTIME = YES;
				ENABLE_PREVIEWS = YES;
				ENABLE_USER_SELECTED_FILES = readonly;
				GENERATE_INFOPLIST_FILE = YES;
				INFOPLIST_KEY_NSBluetoothAlwaysUsageDescription = "LabelBot connects to your Brother P-touch label printer over Bluetooth.";
				INFOPLIST_KEY_NSHumanReadableCopyright = "";
				LD_RUNPATH_SEARCH_PATHS = (
					"$(inherited)",
					"@executable_path/../Frameworks",
				);
				MARKETING_VERSION = 1.0;
				PRODUCT_BUNDLE_IDENTIFIER = com.jonmalm.LabelBot;
				PRODUCT_NAME = "$(TARGET_NAME)";
				REGISTER_APP_GROUPS = YES;
				STRING_CATALOG_GENERATE_SYMBOLS = YES;
				SWIFT_APPROACHABLE_CONCURRENCY = YES;
				SWIFT_DEFAULT_ACTOR_ISOLATION = MainActor;
				SWIFT_EMIT_LOC_STRINGS = YES;
				SWIFT_UPCOMING_FEATURE_MEMBER_IMPORT_VISIBILITY = YES;
				SWIFT_VERSION = 5.0;
			};
			name = Release;
		};
		FC551FE82FF9688300EE5BDF /* Debug */ = {
			isa = XCBuildConfiguration;
			buildSettings = {
				BUNDLE_LOADER = "$(TEST_HOST)";
				CODE_SIGN_STYLE = Automatic;
				CURRENT_PROJECT_VERSION = 1;
				DEVELOPMENT_TEAM = P558Q39A4B;
				GENERATE_INFOPLIST_FILE = YES;
				MACOSX_DEPLOYMENT_TARGET = 26.5;
				MARKETING_VERSION = 1.0;
				PRODUCT_BUNDLE_IDENTIFIER = com.jonmalm.LabelBotTests;
				PRODUCT_NAME = "$(TARGET_NAME)";
				STRING_CATALOG_GENERATE_SYMBOLS = NO;
				SWIFT_APPROACHABLE_CONCURRENCY = YES;
				SWIFT_EMIT_LOC_STRINGS = NO;
				SWIFT_UPCOMING_FEATURE_MEMBER_IMPORT_VISIBILITY = YES;
				SWIFT_VERSION = 5.0;
				TEST_HOST = "$(BUILT_PRODUCTS_DIR)/LabelBot.app/$(BUNDLE_EXECUTABLE_FOLDER_PATH)/LabelBot";
			};
			name = Debug;
		};
		FC551FE92FF9688300EE5BDF /* Release */ = {
			isa = XCBuildConfiguration;
			buildSettings = {
				BUNDLE_LOADER = "$(TEST_HOST)";
				CODE_SIGN_STYLE = Automatic;
				CURRENT_PROJECT_VERSION = 1;
				DEVELOPMENT_TEAM = P558Q39A4B;
				GENERATE_INFOPLIST_FILE = YES;
				MACOSX_DEPLOYMENT_TARGET = 26.5;
				MARKETING_VERSION = 1.0;
				PRODUCT_BUNDLE_IDENTIFIER = com.jonmalm.LabelBotTests;
				PRODUCT_NAME = "$(TARGET_NAME)";
				STRING_CATALOG_GENERATE_SYMBOLS = NO;
				SWIFT_APPROACHABLE_CONCURRENCY = YES;
				SWIFT_EMIT_LOC_STRINGS = NO;
				SWIFT_UPCOMING_FEATURE_MEMBER_IMPORT_VISIBILITY = YES;
				SWIFT_VERSION = 5.0;
				TEST_HOST = "$(BUILT_PRODUCTS_DIR)/LabelBot.app/$(BUNDLE_EXECUTABLE_FOLDER_PATH)/LabelBot";
			};
			name = Release;
		};
		FC551FEB2FF9688300EE5BDF /* Debug */ = {
			isa = XCBuildConfiguration;
			buildSettings = {
				CODE_SIGN_STYLE = Automatic;
				CURRENT_PROJECT_VERSION = 1;
				DEVELOPMENT_TEAM = P558Q39A4B;
				GENERATE_INFOPLIST_FILE = YES;
				MARKETING_VERSION = 1.0;
				PRODUCT_BUNDLE_IDENTIFIER = com.jonmalm.LabelBotUITests;
				PRODUCT_NAME = "$(TARGET_NAME)";
				STRING_CATALOG_GENERATE_SYMBOLS = NO;
				SWIFT_APPROACHABLE_CONCURRENCY = YES;
				SWIFT_EMIT_LOC_STRINGS = NO;
				SWIFT_UPCOMING_FEATURE_MEMBER_IMPORT_VISIBILITY = YES;
				SWIFT_VERSION = 5.0;
				TEST_TARGET_NAME = LabelBot;
			};
			name = Debug;
		};
		FC551FEC2FF9688300EE5BDF /* Release */ = {
			isa = XCBuildConfiguration;
			buildSettings = {
				CODE_SIGN_STYLE = Automatic;
				CURRENT_PROJECT_VERSION = 1;
				DEVELOPMENT_TEAM = P558Q39A4B;
				GENERATE_INFOPLIST_FILE = YES;
				MARKETING_VERSION = 1.0;
				PRODUCT_BUNDLE_IDENTIFIER = com.jonmalm.LabelBotUITests;
				PRODUCT_NAME = "$(TARGET_NAME)";
				STRING_CATALOG_GENERATE_SYMBOLS = NO;
				SWIFT_APPROACHABLE_CONCURRENCY = YES;
				SWIFT_EMIT_LOC_STRINGS = NO;
				SWIFT_UPCOMING_FEATURE_MEMBER_IMPORT_VISIBILITY = YES;
				SWIFT_VERSION = 5.0;
				TEST_TARGET_NAME = LabelBot;
			};
			name = Release;
		};
/* End XCBuildConfiguration section */

/* Begin XCConfigurationList section */
		FC551FBE2FF9688200EE5BDF /* Build configuration list for PBXProject "LabelBot" */ = {
			isa = XCConfigurationList;
			buildConfigurations = (
				FC551FE22FF9688300EE5BDF /* Debug */,
				FC551FE32FF9688300EE5BDF /* Release */,
			);
			defaultConfigurationIsVisible = 0;
			defaultConfigurationName = Release;
		};
		FC551FE42FF9688300EE5BDF /* Build configuration list for PBXNativeTarget "LabelBot" */ = {
			isa = XCConfigurationList;
			buildConfigurations = (
				FC551FE52FF9688300EE5BDF /* Debug */,
				FC551FE62FF9688300EE5BDF /* Release */,
			);
			defaultConfigurationIsVisible = 0;
			defaultConfigurationName = Release;
		};
		FC551FE72FF9688300EE5BDF /* Build configuration list for PBXNativeTarget "LabelBotTests" */ = {
			isa = XCConfigurationList;
			buildConfigurations = (
				FC551FE82FF9688300EE5BDF /* Debug */,
				FC551FE92FF9688300EE5BDF /* Release */,
			);
			defaultConfigurationIsVisible = 0;
			defaultConfigurationName = Release;
		};
		FC551FEA2FF9688300EE5BDF /* Build configuration list for PBXNativeTarget "LabelBotUITests" */ = {
			isa = XCConfigurationList;
			buildConfigurations = (
				FC551FEB2FF9688300EE5BDF /* Debug */,
				FC551FEC2FF9688300EE5BDF /* Release */,
			);
			defaultConfigurationIsVisible = 0;
			defaultConfigurationName = Release;
		};
/* End XCConfigurationList section */
	};
	rootObject = FC551FBB2FF9688200EE5BDF /* Project object */;
}
